
Microsoft Visual Studio Solution File, Format Version 12.00
# Visual Studio Version 16
VisualStudioVersion = 16.0.31005.135
MinimumVisualStudioVersion = 10.0.40219.1
Project("{FAE04EC0-301F-11D3-BF4B-00C04F79EFBC}") = "DorsaviTestApp", "DorsaviTestApp\DorsaviTestApp\DorsaviTestApp.csproj", "{16C5E109-7EE4-4DE9-93CA-6C5A38DCE27F}"
EndProject
Project("{FAE04EC0-301F-11D3-BF4B-00C04F79EFBC}") = "DorsaviTestApp.Android", "DorsaviTestApp\DorsaviTestApp.Android\DorsaviTestApp.Android.csproj", "{2F353F98-175B-4D46-874E-17BBE3CC34D6}"
EndProject
Project("{FAE04EC0-301F-11D3-BF4B-00C04F79EFBC}") = "DorsaviTestApp.iOS", "DorsaviTestApp\DorsaviTestApp.iOS\DorsaviTestApp.iOS.csproj", "{28EF99F8-D41B-45D3-AE46-F6A2AA1139EA}"
EndProject
Project("{FAE04EC0-301F-11D3-BF4B-00C04F79EFBC}") = "DorsaviTestApp.UWP", "DorsaviTestApp\DorsaviTestApp.UWP\DorsaviTestApp.UWP.csproj", "{2B00FDEB-F663-402E-BF27-8A27BB542D90}"
EndProject
Global
	GlobalSection(SolutionConfigurationPlatforms) = preSolution
		Ad-Hoc|Any CPU = Ad-Hoc|Any CPU
		Ad-Hoc|ARM = Ad-Hoc|ARM
		Ad-Hoc|iPhone = Ad-Hoc|iPhone
		Ad-Hoc|iPhoneSimulator = Ad-Hoc|iPhoneSimulator
		Ad-Hoc|x64 = Ad-Hoc|x64
		Ad-Hoc|x86 = Ad-Hoc|x86
		AppStore|Any CPU = AppStore|Any CPU
		AppStore|ARM = AppStore|ARM
		AppStore|iPhone = AppStore|iPhone
		AppStore|iPhoneSimulator = AppStore|iPhoneSimulator
		AppStore|x64 = AppStore|x64
		AppStore|x86 = AppStore|x86
		Debug|Any CPU = Debug|Any CPU
		Debug|ARM = Debug|ARM
		Debug|iPhone = Debug|iPhone
		Debug|iPhoneSimulator = Debug|iPhoneSimulator
		Debug|x64 = Debug|x64
		Debug|x86 = Debug|x86
		Release|Any CPU = Release|Any CPU
		Release|ARM = Release|ARM
		Release|iPhone = Release|iPhone
		Release|iPhoneSimulator = Release|iPhoneSimulator
		Release|x64 = Release|x64
		Release|x86 = Release|x86
	EndGlobalSection
	GlobalSection(ProjectConfigurationPlatforms) = postSolution
		{16C5E109-7EE4-4DE9-93CA-6C5A38DCE27F}.Ad-Hoc|Any CPU.ActiveCfg = Debug|Any CPU
		{16C5E109-7EE4-4DE9-93CA-6C5A38DCE27F}.Ad-Hoc|Any CPU.Build.0 = Debug|Any CPU
		{16C5E109-7EE4-4DE9-93CA-6C5A38DCE27F}.Ad-Hoc|ARM.ActiveCfg = Debug|Any CPU
		{16C5E109-7EE4-4DE9-93CA-6C5A38DCE27F}.Ad-Hoc|ARM.Build.0 = Debug|Any CPU
		{16C5E109-7EE4-4DE9-93CA-6C5A38DCE27F}.Ad-Hoc|iPhone.ActiveCfg = Debug|Any CPU
		{16C5E109-7EE4-4DE9-93CA-6C5A38DCE27F}.Ad-Hoc|iPhone.Build.0 = Debug|Any CPU
		{16C5E109-7EE4-4DE9-93CA-6C5A38DCE27F}.Ad-Hoc|iPhoneSimulator.ActiveCfg = Debug|Any CPU
		{16C5E109-7EE4-4DE9-93CA-6C5A38DCE27F}.Ad-Hoc|iPhoneSimulator.Build.0 = Debug|Any CPU
		{16C5E109-7EE4-4DE9-93CA-6C5A38DCE27F}.Ad-Hoc|x64.ActiveCfg = Debug|Any CPU
		{16C5E109-7EE4-4DE9-93CA-6C5A38DCE27F}.Ad-Hoc|x64.Build.0 = Debug|Any CPU
		{16C5E109-7EE4-4DE9-93CA-6C5A38DCE27F}.Ad-Hoc|x86.ActiveCfg = Debug|Any CPU
		{16C5E109-7EE4-4DE9-93CA-6C5A38DCE27F}.Ad-Hoc|x86.Build.0 = Debug|Any CPU
		{16C5E109-7EE4-4DE9-93CA-6C5A38DCE27F}.AppStore|Any CPU.ActiveCfg = Debug|Any CPU
		{16C5E109-7EE4-4DE9-93CA-6C5A38DCE27F}.AppStore|Any CPU.Build.0 = Debug|Any CPU
		{16C5E109-7EE4-4DE9-93CA-6C5A38DCE27F}.AppStore|ARM.ActiveCfg = Debug|Any CPU
		{16C5E109-7EE4-4DE9-93CA-6C5A38DCE27F}.AppStore|ARM.Build.0 = Debug|Any CPU
		{16C5E109-7EE4-4DE9-93CA-6C5A38DCE27F}.AppStore|iPhone.ActiveCfg = Debug|Any CPU
		{16C5E109-7EE4-4DE9-93CA-6C5A38DCE27F}.AppStore|iPhone.Build.0 = Debug|Any CPU
		{16C5E109-7EE4-4DE9-93CA-6C5A38DCE27F}.AppStore|iPhoneSimulator.ActiveCfg = Debug|Any CPU
		{16C5E109-7EE4-4DE9-93CA-6C5A38DCE27F}.AppStore|iPhoneSimulator.Build.0 = Debug|Any CPU
		{16C5E109-7EE4-4DE9-93CA-6C5A38DCE27F}.AppStore|x64.ActiveCfg = Debug|Any CPU
		{16C5E109-7EE4-4DE9-93CA-6C5A38DCE27F}.AppStore|x64.Build.0 = Debug|Any CPU
		{16C5E109-7EE4-4DE9-93CA-6C5A38DCE27F}.AppStore|x86.ActiveCfg = Debug|Any CPU
		{16C5E109-7EE4-4DE9-93CA-6C5A38DCE27F}.AppStore|x86.Build.0 = Debug|Any CPU
		{16C5E109-7EE4-4DE9-93CA-6C5A38DCE27F}.Debug|Any CPU.ActiveCfg = Debug|Any CPU
		{16C5E109-7EE4-4DE9-93CA-6C5A38DCE27F}.Debug|Any CPU.Build.0 = Debug|Any CPU
		{16C5E109-7EE4-4DE9-93CA-6C5A38DCE27F}.Debug|ARM.ActiveCfg = Debug|Any CPU
		{16C5E109-7EE4-4DE9-93CA-6C5A38DCE27F}.Debug|ARM.Build.0 = Debug|Any CPU
		{16C5E109-7EE4-4DE9-93CA-6C5A38DCE27F}.Debug|iPhone.ActiveCfg = Debug|Any CPU
		{16C5E109-7EE4-4DE9-93CA-6C5A38DCE27F}.Debug|iPhone.Build.0 = Debug|Any CPU
		{16C5E109-7EE4-4DE9-93CA-6C5A38DCE27F}.Debug|iPhoneSimulator.ActiveCfg = Debug|Any CPU
		{16C5E109-7EE4-4DE9-93CA-6C5A38DCE27F}.Debug|iPhoneSimulator.Build.0 = Debug|Any CPU
		{16C5E109-7EE4-4DE9-93CA-6C5A38DCE27F}.Debug|x64.ActiveCfg = Debug|Any CPU
		{16C5E109-7EE4-4DE9-93CA-6C5A38DCE27F}.Debug|x64.Build.0 = Debug|Any CPU
		{16C5E109-7EE4-4DE9-93CA-6C5A38DCE27F}.Debug|x86.ActiveCfg = Debug|Any CPU
		{16C5E109-7EE4-4DE9-93CA-6C5A38DCE27F}.Debug|x86.Build.0 = Debug|Any CPU
		{16C5E109-7EE4-4DE9-93CA-6C5A38DCE27F}.Release|Any CPU.ActiveCfg = Release|Any CPU
		{16C5E109-7EE4-4DE9-93CA-6C5A38DCE27F}.Release|Any CPU.Build.0 = Release|Any CPU
		{16C5E109-7EE4-4DE9-93CA-6C5A38DCE27F}.Release|ARM.ActiveCfg = Release|Any CPU
		{16C5E109-7EE4-4DE9-93CA-6C5A38DCE27F}.Release|ARM.Build.0 = Release|Any CPU
		{16C5E109-7EE4-4DE9-93CA-6C5A38DCE27F}.Release|iPhone.ActiveCfg = Release|Any CPU
		{16C5E109-7EE4-4DE9-93CA-6C5A38DCE27F}.Release|iPhone.Build.0 = Release|Any CPU
		{16C5E109-7EE4-4DE9-93CA-6C5A38DCE27F}.Release|iPhoneSimulator.ActiveCfg = Release|Any CPU
		{16C5E109-7EE4-4DE9-93CA-6C5A38DCE27F}.Release|iPhoneSimulator.Build.0 = Release|Any CPU
		{16C5E109-7EE4-4DE9-93CA-6C5A38DCE27F}.Release|x64.ActiveCfg = Release|Any CPU
		{16C5E109-7EE4-4DE9-93CA-6C5A38DCE27F}.Release|x64.Build.0 = Release|Any CPU
		{16C5E109-7EE4-4DE9-93CA-6C5A38DCE27F}.Release|x86.ActiveCfg = Release|Any CPU
		{16C5E109-7EE4-4DE9-93CA-6C5A38DCE27F}.Release|x86.Build.0 = Release|Any CPU
		{2F353F98-175B-4D46-874E-17BBE3CC34D6}.Ad-Hoc|Any CPU.ActiveCfg = Debug|Any CPU
		{2F353F98-175B-4D46-874E-17BBE3CC34D6}.Ad-Hoc|Any CPU.Build.0 = Debug|Any CPU
		{2F353F98-175B-4D46-874E-17BBE3CC34D6}.Ad-Hoc|Any CPU.Deploy.0 = Debug|Any CPU
		{2F353F98-175B-4D46-874E-17BBE3CC34D6}.Ad-Hoc|ARM.ActiveCfg = Debug|Any CPU
		{2F353F98-175B-4D46-874E-17BBE3CC34D6}.Ad-Hoc|ARM.Build.0 = Debug|Any CPU
		{2F353F98-175B-4D46-874E-17BBE3CC34D6}.Ad-Hoc|ARM.Deploy.0 = Debug|Any CPU
		{2F353F98-175B-4D46-874E-17BBE3CC34D6}.Ad-Hoc|iPhone.ActiveCfg = Debug|Any CPU
		{2F353F98-175B-4D46-874E-17BBE3CC34D6}.Ad-Hoc|iPhone.Build.0 = Debug|Any CPU
		{2F353F98-175B-4D46-874E-17BBE3CC34D6}.Ad-Hoc|iPhone.Deploy.0 = Debug|Any CPU
		{2F353F98-175B-4D46-874E-17BBE3CC34D6}.Ad-Hoc|iPhoneSimulator.ActiveCfg = Debug|Any CPU
		{2F353F98-175B-4D46-874E-17BBE3CC34D6}.Ad-Hoc|iPhoneSimulator.Build.0 = Debug|Any CPU
		{2F353F98-175B-4D46-874E-17BBE3CC34D6}.Ad-Hoc|iPhoneSimulator.Deploy.0 = Debug|Any CPU
		{2F353F98-175B-4D46-874E-17BBE3CC34D6}.Ad-Hoc|x64.ActiveCfg = Debug|Any CPU
		{2F353F98-175B-4D46-874E-17BBE3CC34D6}.Ad-Hoc|x64.Build.0 = Debug|Any CPU
		{2F353F98-175B-4D46-874E-17BBE3CC34D6}.Ad-Hoc|x64.Deploy.0 = Debug|Any CPU
		{2F353F98-175B-4D46-874E-17BBE3CC34D6}.Ad-Hoc|x86.ActiveCfg = Debug|Any CPU
		{2F353F98-175B-4D46-874E-17BBE3CC34D6}.Ad-Hoc|x86.Build.0 = Debug|Any CPU
		{2F353F98-175B-4D46-874E-17BBE3CC34D6}.Ad-Hoc|x86.Deploy.0 = Debug|Any CPU
		{2F353F98-175B-4D46-874E-17BBE3CC34D6}.AppStore|Any CPU.ActiveCfg = Debug|Any CPU
		{2F353F98-175B-4D46-874E-17BBE3CC34D6}.AppStore|Any CPU.Build.0 = Debug|Any CPU
		{2F353F98-175B-4D46-874E-17BBE3CC34D6}.AppStore|Any CPU.Deploy.0 = Debug|Any CPU
		{2F353F98-175B-4D46-874E-17BBE3CC34D6}.AppStore|ARM.ActiveCfg = Debug|Any CPU
		{2F353F98-175B-4D46-874E-17BBE3CC34D6}.AppStore|ARM.Build.0 = Debug|Any CPU
		{2F353F98-175B-4D46-874E-17BBE3CC34D6}.AppStore|ARM.Deploy.0 = Debug|Any CPU
		{2F353F98-175B-4D46-874E-17BBE3CC34D6}.AppStore|iPhone.ActiveCfg = Debug|Any CPU
		{2F353F98-175B-4D46-874E-17BBE3CC34D6}.AppStore|iPhone.Build.0 = Debug|Any CPU
		{2F353F98-175B-4D46-874E-17BBE3CC34D6}.AppStore|iPhone.Deploy.0 = Debug|Any CPU
		{2F353F98-175B-4D46-874E-17BBE3CC34D6}.AppStore|iPhoneSimulator.ActiveCfg = Debug|Any CPU
		{2F353F98-175B-4D46-874E-17BBE3CC34D6}.AppStore|iPhoneSimulator.Build.0 = Debug|Any CPU
		{2F353F98-175B-4D46-874E-17BBE3CC34D6}.AppStore|iPhoneSimulator.Deploy.0 = Debug|Any CPU
		{2F353F98-175B-4D46-874E-17BBE3CC34D6}.AppStore|x64.ActiveCfg = Debug|Any CPU
		{2F353F98-175B-4D46-874E-17BBE3CC34D6}.AppStore|x64.Build.0 = Debug|Any CPU
		{2F353F98-175B-4D46-874E-17BBE3CC34D6}.AppStore|x64.Deploy.0 = Debug|Any CPU
		{2F353F98-175B-4D46-874E-17BBE3CC34D6}.AppStore|x86.ActiveCfg = Debug|Any CPU
		{2F353F98-175B-4D46-874E-17BBE3CC34D6}.AppStore|x86.Build.0 = Debug|Any CPU
		{2F353F98-175B-4D46-874E-17BBE3CC34D6}.AppStore|x86.Deploy.0 = Debug|Any CPU
		{2F353F98-175B-4D46-874E-17BBE3CC34D6}.Debug|Any CPU.ActiveCfg = Debug|Any CPU
		{2F353F98-175B-4D46-874E-17BBE3CC34D6}.Debug|Any CPU.Build.0 = Debug|Any CPU
		{2F353F98-175B-4D46-874E-17BBE3CC34D6}.Debug|Any CPU.Deploy.0 = Debug|Any CPU
		{2F353F98-175B-4D46-874E-17BBE3CC34D6}.Debug|ARM.ActiveCfg = Debug|Any CPU
		{2F353F98-175B-4D46-874E-17BBE3CC34D6}.Debug|ARM.Build.0 = Debug|Any CPU
		{2F353F98-175B-4D46-874E-17BBE3CC34D6}.Debug|ARM.Deploy.0 = Debug|Any CPU
		{2F353F98-175B-4D46-874E-17BBE3CC34D6}.Debug|iPhone.ActiveCfg = Debug|Any CPU
		{2F353F98-175B-4D46-874E-17BBE3CC34D6}.Debug|iPhone.Build.0 = Debug|Any CPU
		{2F353F98-175B-4D46-874E-17BBE3CC34D6}.Debug|iPhone.Deploy.0 = Debug|Any CPU
		{2F353F98-175B-4D46-874E-17BBE3CC34D6}.Debug|iPhoneSimulator.ActiveCfg = Debug|Any CPU
		{2F353F98-175B-4D46-874E-17BBE3CC34D6}.Debug|iPhoneSimulator.Build.0 = Debug|Any CPU
		{2F353F98-175B-4D46-874E-17BBE3CC34D6}.Debug|iPhoneSimulator.Deploy.0 = Debug|Any CPU
		{2F353F98-175B-4D46-874E-17BBE3CC34D6}.Debug|x64.ActiveCfg = Debug|Any CPU
		{2F353F98-175B-4D46-874E-17BBE3CC34D6}.Debug|x64.Build.0 = Debug|Any CPU
		{2F353F98-175B-4D46-874E-17BBE3CC34D6}.Debug|x64.Deploy.0 = Debug|Any CPU
		{2F353F98-175B-4D46-874E-17BBE3CC34D6}.Debug|x86.ActiveCfg = Debug|Any CPU
		{2F353F98-175B-4D46-874E-17BBE3CC34D6}.Debug|x86.Build.0 = Debug|Any CPU
		{2F353F98-175B-4D46-874E-17BBE3CC34D6}.Debug|x86.Deploy.0 = Debug|Any CPU
		{2F353F98-175B-4D46-874E-17BBE3CC34D6}.Release|Any CPU.ActiveCfg = Release|Any CPU
		{2F353F98-175B-4D46-874E-17BBE3CC34D6}.Release|Any CPU.Build.0 = Release|Any CPU
		{2F353F98-175B-4D46-874E-17BBE3CC34D6}.Release|Any CPU.Deploy.0 = Release|Any CPU
		{2F353F98-175B-4D46-874E-17BBE3CC34D6}.Release|ARM.ActiveCfg = Release|Any CPU
		{2F353F98-175B-4D46-874E-17BBE3CC34D6}.Release|ARM.Build.0 = Release|Any CPU
		{2F353F98-175B-4D46-874E-17BBE3CC34D6}.Release|ARM.Deploy.0 = Release|Any CPU
		{2F353F98-175B-4D46-874E-17BBE3CC34D6}.Release|iPhone.ActiveCfg = Release|Any CPU
		{2F353F98-175B-4D46-874E-17BBE3CC34D6}.Release|iPhone.Build.0 = Release|Any CPU
		{2F353F98-175B-4D46-874E-17BBE3CC34D6}.Release|iPhone.Deploy.0 = Release|Any CPU
		{2F353F98-175B-4D46-874E-17BBE3CC34D6}.Release|iPhoneSimulator.ActiveCfg = Release|Any CPU
		{2F353F98-175B-4D46-874E-17BBE3CC34D6}.Release|iPhoneSimulator.Build.0 = Release|Any CPU
		{2F353F98-175B-4D46-874E-17BBE3CC34D6}.Release|iPhoneSimulator.Deploy.0 = Release|Any CPU
		{2F353F98-175B-4D46-874E-17BBE3CC34D6}.Release|x64.ActiveCfg = Release|Any CPU
		{2F353F98-175B-4D46-874E-17BBE3CC34D6}.Release|x64.Build.0 = Release|Any CPU
		{2F353F98-175B-4D46-874E-17BBE3CC34D6}.Release|x64.Deploy.0 = Release|Any CPU
		{2F353F98-175B-4D46-874E-17BBE3CC34D6}.Release|x86.ActiveCfg = Release|Any CPU
		{2F353F98-175B-4D46-874E-17BBE3CC34D6}.Release|x86.Build.0 = Release|Any CPU
		{2F353F98-175B-4D46-874E-17BBE3CC34D6}.Release|x86.Deploy.0 = Release|Any CPU
		{28EF99F8-D41B-45D3-AE46-F6A2AA1139EA}.Ad-Hoc|Any CPU.ActiveCfg = Ad-Hoc|iPhoneSimulator
		{28EF99F8-D41B-45D3-AE46-F6A2AA1139EA}.Ad-Hoc|ARM.ActiveCfg = Ad-Hoc|iPhoneSimulator
		{28EF99F8-D41B-45D3-AE46-F6A2AA1139EA}.Ad-Hoc|iPhone.ActiveCfg = Ad-Hoc|iPhone
		{28EF99F8-D41B-45D3-AE46-F6A2AA1139EA}.Ad-Hoc|iPhone.Build.0 = Ad-Hoc|iPhone
		{28EF99F8-D41B-45D3-AE46-F6A2AA1139EA}.Ad-Hoc|iPhoneSimulator.ActiveCfg = Ad-Hoc|iPhoneSimulator
		{28EF99F8-D41B-45D3-AE46-F6A2AA1139EA}.Ad-Hoc|iPhoneSimulator.Build.0 = Ad-Hoc|iPhoneSimulator
		{28EF99F8-D41B-45D3-AE46-F6A2AA1139EA}.Ad-Hoc|x64.ActiveCfg = Ad-Hoc|iPhoneSimulator
		{28EF99F8-D41B-45D3-AE46-F6A2AA1139EA}.Ad-Hoc|x86.ActiveCfg = Ad-Hoc|iPhoneSimulator
		{28EF99F8-D41B-45D3-AE46-F6A2AA1139EA}.AppStore|Any CPU.ActiveCfg = AppStore|iPhoneSimulator
		{28EF99F8-D41B-45D3-AE46-F6A2AA1139EA}.AppStore|ARM.ActiveCfg = AppStore|iPhoneSimulator
		{28EF99F8-D41B-45D3-AE46-F6A2AA1139EA}.AppStore|iPhone.ActiveCfg = AppStore|iPhone
		{28EF99F8-D41B-45D3-AE46-F6A2AA1139EA}.AppStore|iPhone.Build.0 = AppStore|iPhone
		{28EF99F8-D41B-45D3-AE46-F6A2AA1139EA}.AppStore|iPhoneSimulator.ActiveCfg = AppStore|iPhoneSimulator
		{28EF99F8-D41B-45D3-AE46-F6A2AA1139EA}.AppStore|iPhoneSimulator.Build.0 = AppStore|iPhoneSimulator
		{28EF99F8-D41B-45D3-AE46-F6A2AA1139EA}.AppStore|x64.ActiveCfg = AppStore|iPhoneSimulator
		{28EF99F8-D41B-45D3-AE46-F6A2AA1139EA}.AppStore|x86.ActiveCfg = AppStore|iPhoneSimulator
		{28EF99F8-D41B-45D3-AE46-F6A2AA1139EA}.Debug|Any CPU.ActiveCfg = Debug|iPhoneSimulator
		{28EF99F8-D41B-45D3-AE46-F6A2AA1139EA}.Debug|ARM.ActiveCfg = Debug|iPhoneSimulator
		{28EF99F8-D41B-45D3-AE46-F6A2AA1139EA}.Debug|iPhone.ActiveCfg = Debug|iPhone
		{28EF99F8-D41B-45D3-AE46-F6A2AA1139EA}.Debug|iPhone.Build.0 = Debug|iPhone
		{28EF99F8-D41B-45D3-AE46-F6A2AA1139EA}.Debug|iPhoneSimulator.ActiveCfg = Debug|iPhoneSimulator
		{28EF99F8-D41B-45D3-AE46-F6A2AA1139EA}.Debug|iPhoneSimulator.Build.0 = Debug|iPhoneSimulator
		{28EF99F8-D41B-45D3-AE46-F6A2AA1139EA}.Debug|x64.ActiveCfg = Debug|iPhoneSimulator
		{28EF99F8-D41B-45D3-AE46-F6A2AA1139EA}.Debug|x86.ActiveCfg = Debug|iPhoneSimulator
		{28EF99F8-D41B-45D3-AE46-F6A2AA1139EA}.Release|Any CPU.ActiveCfg = Release|iPhoneSimulator
		{28EF99F8-D41B-45D3-AE46-F6A2AA1139EA}.Release|ARM.ActiveCfg = Release|iPhoneSimulator
		{28EF99F8-D41B-45D3-AE46-F6A2AA1139EA}.Release|iPhone.ActiveCfg = Release|iPhone
		{28EF99F8-D41B-45D3-AE46-F6A2AA1139EA}.Release|iPhone.Build.0 = Release|iPhone
		{28EF99F8-D41B-45D3-AE46-F6A2AA1139EA}.Release|iPhoneSimulator.ActiveCfg = Release|iPhoneSimulator
		{28EF99F8-D41B-45D3-AE46-F6A2AA1139EA}.Release|iPhoneSimulator.Build.0 = Release|iPhoneSimulator
		{28EF99F8-D41B-45D3-AE46-F6A2AA1139EA}.Release|x64.ActiveCfg = Release|iPhoneSimulator
		{28EF99F8-D41B-45D3-AE46-F6A2AA1139EA}.Release|x86.ActiveCfg = Release|iPhoneSimulator
		{2B00FDEB-F663-402E-BF27-8A27BB542D90}.Ad-Hoc|Any CPU.ActiveCfg = Debug|ARM
		{2B00FDEB-F663-402E-BF27-8A27BB542D90}.Ad-Hoc|Any CPU.Build.0 = Debug|ARM
		{2B00FDEB-F663-402E-BF27-8A27BB542D90}.Ad-Hoc|Any CPU.Deploy.0 = Debug|ARM
		{2B00FDEB-F663-402E-BF27-8A27BB542D90}.Ad-Hoc|ARM.ActiveCfg = Debug|ARM
		{2B00FDEB-F663-402E-BF27-8A27BB542D90}.Ad-Hoc|ARM.Build.0 = Debug|ARM
		{2B00FDEB-F663-402E-BF27-8A27BB542D90}.Ad-Hoc|ARM.Deploy.0 = Debug|ARM
		{2B00FDEB-F663-402E-BF27-8A27BB542D90}.Ad-Hoc|iPhone.ActiveCfg = Debug|ARM
		{2B00FDEB-F663-402E-BF27-8A27BB542D90}.Ad-Hoc|iPhone.Build.0 = Debug|ARM
		{2B00FDEB-F663-402E-BF27-8A27BB542D90}.Ad-Hoc|iPhone.Deploy.0 = Debug|ARM
		{2B00FDEB-F663-402E-BF27-8A27BB542D90}.Ad-Hoc|iPhoneSimulator.ActiveCfg = Debug|ARM
		{2B00FDEB-F663-402E-BF27-8A27BB542D90}.Ad-Hoc|iPhoneSimulator.Build.0 = Debug|ARM
		{2B00FDEB-F663-402E-BF27-8A27BB542D90}.Ad-Hoc|iPhoneSimulator.Deploy.0 = Debug|ARM
		{2B00FDEB-F663-402E-BF27-8A27BB542D90}.Ad-Hoc|x64.ActiveCfg = Debug|x64
		{2B00FDEB-F663-402E-BF27-8A27BB542D90}.Ad-Hoc|x64.Build.0 = Debug|x64
		{2B00FDEB-F663-402E-BF27-8A27BB542D90}.Ad-Hoc|x64.Deploy.0 = Debug|x64
		{2B00FDEB-F663-402E-BF27-8A27BB542D90}.Ad-Hoc|x86.ActiveCfg = Debug|x86
		{2B00FDEB-F663-402E-BF27-8A27BB542D90}.Ad-Hoc|x86.Build.0 = Debug|x86
		{2B00FDEB-F663-402E-BF27-8A27BB542D90}.Ad-Hoc|x86.Deploy.0 = Debug|x86
		{2B00FDEB-F663-402E-BF27-8A27BB542D90}.AppStore|Any CPU.ActiveCfg = Debug|ARM
		{2B00FDEB-F663-402E-BF27-8A27BB542D90}.AppStore|Any CPU.Build.0 = Debug|ARM
		{2B00FDEB-F663-402E-BF27-8A27BB542D90}.AppStore|Any CPU.Deploy.0 = Debug|ARM
		{2B00FDEB-F663-402E-BF27-8A27BB542D90}.AppStore|ARM.ActiveCfg = Debug|ARM
		{2B00FDEB-F663-402E-BF27-8A27BB542D90}.AppStore|ARM.Build.0 = Debug|ARM
		{2B00FDEB-F663-402E-BF27-8A27BB542D90}.AppStore|ARM.Deploy.0 = Debug|ARM
		{2B00FDEB-F663-402E-BF27-8A27BB542D90}.AppStore|iPhone.ActiveCfg = Debug|ARM
		{2B00FDEB-F663-402E-BF27-8A27BB542D90}.AppStore|iPhone.Build.0 = Debug|ARM
		{2B00FDEB-F663-402E-BF27-8A27BB542D90}.AppStore|iPhone.Deploy.0 = Debug|ARM
		{2B00FDEB-F663-402E-BF27-8A27BB542D90}.AppStore|iPhoneSimulator.ActiveCfg = Debug|ARM
		{2B00FDEB-F663-402E-BF27-8A27BB542D90}.AppStore|iPhoneSimulator.Build.0 = Debug|ARM
		{2B00FDEB-F663-402E-BF27-8A27BB542D90}.AppStore|iPhoneSimulator.Deploy.0 = Debug|ARM
		{2B00FDEB-F663-402E-BF27-8A27BB542D90}.AppStore|x64.ActiveCfg = Debug|x64
		{2B00FDEB-F663-402E-BF27-8A27BB542D90}.AppStore|x64.Build.0 = Debug|x64
		{2B00FDEB-F663-402E-BF27-8A27BB542D90}.AppStore|x64.Deploy.0 = Debug|x64
		{2B00FDEB-F663-402E-BF27-8A27BB542D90}.AppStore|x86.ActiveCfg = Debug|x86
		{2B00FDEB-F663-402E-BF27-8A27BB542D90}.AppStore|x86.Build.0 = Debug|x86
		{2B00FDEB-F663-402E-BF27-8A27BB542D90}.AppStore|x86.Deploy.0 = Debug|x86
		{2B00FDEB-F663-402E-BF27-8A27BB542D90}.Debug|Any CPU.ActiveCfg = Debug|x86
		{2B00FDEB-F663-402E-BF27-8A27BB542D90}.Debug|ARM.ActiveCfg = Debug|ARM
		{2B00FDEB-F663-402E-BF27-8A27BB542D90}.Debug|ARM.Build.0 = Debug|ARM
		{2B00FDEB-F663-402E-BF27-8A27BB542D90}.Debug|ARM.Deploy.0 = Debug|ARM
		{2B00FDEB-F663-402E-BF27-8A27BB542D90}.Debug|iPhone.ActiveCfg = Debug|x86
		{2B00FDEB-F663-402E-BF27-8A27BB542D90}.Debug|iPhoneSimulator.ActiveCfg = Debug|x86
		{2B00FDEB-F663-402E-BF27-8A27BB542D90}.Debug|x64.ActiveCfg = Debug|x64
		{2B00FDEB-F663-402E-BF27-8A27BB542D90}.Debug|x64.Build.0 = Debug|x64
		{2B00FDEB-F663-402E-BF27-8A27BB542D90}.Debug|x64.Deploy.0 = Debug|x64
		{2B00FDEB-F663-402E-BF27-8A27BB542D90}.Debug|x86.ActiveCfg = Debug|x86
		{2B00FDEB-F663-402E-BF27-8A27BB542D90}.Debug|x86.Build.0 = Debug|x86
		{2B00FDEB-F663-402E-BF27-8A27BB542D90}.Debug|x86.Deploy.0 = Debug|x86
		{2B00FDEB-F663-402E-BF27-8A27BB542D90}.Release|Any CPU.ActiveCfg = Release|x86
		{2B00FDEB-F663-402E-BF27-8A27BB542D90}.Release|ARM.ActiveCfg = Release|ARM
		{2B00FDEB-F663-402E-BF27-8A27BB542D90}.Release|ARM.Build.0 = Release|ARM
		{2B00FDEB-F663-402E-BF27-8A27BB542D90}.Release|ARM.Deploy.0 = Release|ARM
		{2B00FDEB-F663-402E-BF27-8A27BB542D90}.Release|iPhone.ActiveCfg = Release|x86
		{2B00FDEB-F663-402E-BF27-8A27BB542D90}.Release|iPhoneSimulator.ActiveCfg = Release|x86
		{2B00FDEB-F663-402E-BF27-8A27BB542D90}.Release|x64.ActiveCfg = Release|x64
		{2B00FDEB-F663-402E-BF27-8A27BB542D90}.Release|x64.Build.0 = Release|x64
		{2B00FDEB-F663-402E-BF27-8A27BB542D90}.Release|x64.Deploy.0 = Release|x64
		{2B00FDEB-F663-402E-BF27-8A27BB542D90}.Release|x86.ActiveCfg = Release|x86
		{2B00FDEB-F663-402E-BF27-8A27BB542D90}.Release|x86.Build.0 = Release|x86
		{2B00FDEB-F663-402E-BF27-8A27BB542D90}.Release|x86.Deploy.0 = Release|x86
	EndGlobalSection
	GlobalSection(SolutionProperties) = preSolution
		HideSolutionNode = FALSE
	EndGlobalSection
	GlobalSection(ExtensibilityGlobals) = postSolution
		SolutionGuid = {4E274856-3CAB-4983-9434-14A70BEA2DA1}
	EndGlobalSection
EndGlobal
